
Microsoft Visual Studio Solution File, Format Version 12.00
# Visual Studio Version 17
VisualStudioVersion = 17.4.33110.190
MinimumVisualStudioVersion = 10.0.40219.1
Project("{9A19103F-16F7-4668-BE54-9A1E7A4F7556}") = "Html", "Html\Html.csproj", "{637EF351-C6C0-4143-8E56-79C3E50EC521}"
EndProject
Project("{9A19103F-16F7-4668-BE54-9A1E7A4F7556}") = "CSSText", "CSSText\CSSText.csproj", "{65283317-787B-48E9-89D5-F8B9A79446D5}"
EndProject
Project("{9A19103F-16F7-4668-BE54-9A1E7A4F7556}") = "CSSTable", "CSSTable\CSSTable.csproj", "{F9C81D79-A711-41C0-B88F-D01B4096A918}"
EndProject
Project("{9A19103F-16F7-4668-BE54-9A1E7A4F7556}") = "CSSForm", "CSSForm\CSSForm.csproj", "{FAAA2D97-E117-4C54-98E2-7AE544AAAB49}"
EndProject
Project("{9A19103F-16F7-4668-BE54-9A1E7A4F7556}") = "WorkingWithArrays", "WorkingWithArrays\WorkingWithArrays.csproj", "{10C1052E-84F8-4D3A-A78D-2567B627C117}"
EndProject
Project("{9A19103F-16F7-4668-BE54-9A1E7A4F7556}") = "WorkingWithObjects", "WorkingWithObjects\WorkingWithObjects.csproj", "{6BCEC050-AB8D-4289-86B9-EB96B5C62A02}"
EndProject
Project("{9A19103F-16F7-4668-BE54-9A1E7A4F7556}") = "TemperatureConversion", "TemperatureConversion\TemperatureConversion.csproj", "{AAAB8700-1E01-437D-8395-FF9796A8219F}"
EndProject
Project("{9A19103F-16F7-4668-BE54-9A1E7A4F7556}") = "TodoList", "TodoList\TodoList.csproj", "{9B8CB26C-61CB-45B9-919C-1C29271AAF24}"
EndProject
Project("{9A19103F-16F7-4668-BE54-9A1E7A4F7556}") = "PhoneBookWithJQuery", "PhoneBookWithJQuery\PhoneBookWithJQuery.csproj", "{3A9B28D3-DBCD-4AC8-A879-B876CBBBFC98}"
EndProject
Project("{9A19103F-16F7-4668-BE54-9A1E7A4F7556}") = "TodoListJQuery", "TodoListJQuery\TodoListJQuery.csproj", "{66E1804B-E8C5-4902-B570-7AEB33069374}"
EndProject
Project("{9A19103F-16F7-4668-BE54-9A1E7A4F7556}") = "Underscore", "Underscore\Underscore.csproj", "{3838CDC9-FF55-4E53-A2EB-1D47CBF53257}"
EndProject
Project("{9A19103F-16F7-4668-BE54-9A1E7A4F7556}") = "TodoListJQueryBootstrap", "TodoListJQueryBootstrap\TodoListJQueryBootstrap.csproj", "{C777543E-2042-4D3C-B5E3-C472BB0DCCED}"
EndProject
Project("{9A19103F-16F7-4668-BE54-9A1E7A4F7556}") = "TodoList_Vue", "TodoList_Vue\TodoList_Vue.csproj", "{94DBAF7B-2B85-47C6-BA24-A9352885C38A}"
EndProject
Project("{FAE04EC0-301F-11D3-BF4B-00C04F79EFBC}") = "PhoneBook_Vue", "PhoneBook_Vue\PhoneBook_Vue.csproj", "{B9991666-5475-470D-9ABD-1FCF9B217157}"
EndProject
Global
	GlobalSection(SolutionConfigurationPlatforms) = preSolution
		Debug|Any CPU = Debug|Any CPU
		Release|Any CPU = Release|Any CPU
	EndGlobalSection
	GlobalSection(ProjectConfigurationPlatforms) = postSolution
		{637EF351-C6C0-4143-8E56-79C3E50EC521}.Debug|Any CPU.ActiveCfg = Debug|Any CPU
		{637EF351-C6C0-4143-8E56-79C3E50EC521}.Debug|Any CPU.Build.0 = Debug|Any CPU
		{637EF351-C6C0-4143-8E56-79C3E50EC521}.Release|Any CPU.ActiveCfg = Release|Any CPU
		{637EF351-C6C0-4143-8E56-79C3E50EC521}.Release|Any CPU.Build.0 = Release|Any CPU
		{65283317-787B-48E9-89D5-F8B9A79446D5}.Debug|Any CPU.ActiveCfg = Debug|Any CPU
		{65283317-787B-48E9-89D5-F8B9A79446D5}.Debug|Any CPU.Build.0 = Debug|Any CPU
		{65283317-787B-48E9-89D5-F8B9A79446D5}.Release|Any CPU.ActiveCfg = Release|Any CPU
		{65283317-787B-48E9-89D5-F8B9A79446D5}.Release|Any CPU.Build.0 = Release|Any CPU
		{F9C81D79-A711-41C0-B88F-D01B4096A918}.Debug|Any CPU.ActiveCfg = Debug|Any CPU
		{F9C81D79-A711-41C0-B88F-D01B4096A918}.Debug|Any CPU.Build.0 = Debug|Any CPU
		{F9C81D79-A711-41C0-B88F-D01B4096A918}.Release|Any CPU.ActiveCfg = Release|Any CPU
		{F9C81D79-A711-41C0-B88F-D01B4096A918}.Release|Any CPU.Build.0 = Release|Any CPU
		{FAAA2D97-E117-4C54-98E2-7AE544AAAB49}.Debug|Any CPU.ActiveCfg = Debug|Any CPU
		{FAAA2D97-E117-4C54-98E2-7AE544AAAB49}.Debug|Any CPU.Build.0 = Debug|Any CPU
		{FAAA2D97-E117-4C54-98E2-7AE544AAAB49}.Release|Any CPU.ActiveCfg = Release|Any CPU
		{FAAA2D97-E117-4C54-98E2-7AE544AAAB49}.Release|Any CPU.Build.0 = Release|Any CPU
		{10C1052E-84F8-4D3A-A78D-2567B627C117}.Debug|Any CPU.ActiveCfg = Debug|Any CPU
		{10C1052E-84F8-4D3A-A78D-2567B627C117}.Debug|Any CPU.Build.0 = Debug|Any CPU
		{10C1052E-84F8-4D3A-A78D-2567B627C117}.Release|Any CPU.ActiveCfg = Release|Any CPU
		{10C1052E-84F8-4D3A-A78D-2567B627C117}.Release|Any CPU.Build.0 = Release|Any CPU
		{6BCEC050-AB8D-4289-86B9-EB96B5C62A02}.Debug|Any CPU.ActiveCfg = Debug|Any CPU
		{6BCEC050-AB8D-4289-86B9-EB96B5C62A02}.Debug|Any CPU.Build.0 = Debug|Any CPU
		{6BCEC050-AB8D-4289-86B9-EB96B5C62A02}.Release|Any CPU.ActiveCfg = Release|Any CPU
		{6BCEC050-AB8D-4289-86B9-EB96B5C62A02}.Release|Any CPU.Build.0 = Release|Any CPU
		{AAAB8700-1E01-437D-8395-FF9796A8219F}.Debug|Any CPU.ActiveCfg = Debug|Any CPU
		{AAAB8700-1E01-437D-8395-FF9796A8219F}.Debug|Any CPU.Build.0 = Debug|Any CPU
		{AAAB8700-1E01-437D-8395-FF9796A8219F}.Release|Any CPU.ActiveCfg = Release|Any CPU
		{AAAB8700-1E01-437D-8395-FF9796A8219F}.Release|Any CPU.Build.0 = Release|Any CPU
		{9B8CB26C-61CB-45B9-919C-1C29271AAF24}.Debug|Any CPU.ActiveCfg = Debug|Any CPU
		{9B8CB26C-61CB-45B9-919C-1C29271AAF24}.Debug|Any CPU.Build.0 = Debug|Any CPU
		{9B8CB26C-61CB-45B9-919C-1C29271AAF24}.Release|Any CPU.ActiveCfg = Release|Any CPU
		{9B8CB26C-61CB-45B9-919C-1C29271AAF24}.Release|Any CPU.Build.0 = Release|Any CPU
		{3A9B28D3-DBCD-4AC8-A879-B876CBBBFC98}.Debug|Any CPU.ActiveCfg = Debug|Any CPU
		{3A9B28D3-DBCD-4AC8-A879-B876CBBBFC98}.Debug|Any CPU.Build.0 = Debug|Any CPU
		{3A9B28D3-DBCD-4AC8-A879-B876CBBBFC98}.Release|Any CPU.ActiveCfg = Release|Any CPU
		{3A9B28D3-DBCD-4AC8-A879-B876CBBBFC98}.Release|Any CPU.Build.0 = Release|Any CPU
		{66E1804B-E8C5-4902-B570-7AEB33069374}.Debug|Any CPU.ActiveCfg = Debug|Any CPU
		{66E1804B-E8C5-4902-B570-7AEB33069374}.Debug|Any CPU.Build.0 = Debug|Any CPU
		{66E1804B-E8C5-4902-B570-7AEB33069374}.Release|Any CPU.ActiveCfg = Release|Any CPU
		{66E1804B-E8C5-4902-B570-7AEB33069374}.Release|Any CPU.Build.0 = Release|Any CPU
		{3838CDC9-FF55-4E53-A2EB-1D47CBF53257}.Debug|Any CPU.ActiveCfg = Debug|Any CPU
		{3838CDC9-FF55-4E53-A2EB-1D47CBF53257}.Debug|Any CPU.Build.0 = Debug|Any CPU
		{3838CDC9-FF55-4E53-A2EB-1D47CBF53257}.Release|Any CPU.ActiveCfg = Release|Any CPU
		{3838CDC9-FF55-4E53-A2EB-1D47CBF53257}.Release|Any CPU.Build.0 = Release|Any CPU
		{C777543E-2042-4D3C-B5E3-C472BB0DCCED}.Debug|Any CPU.ActiveCfg = Debug|Any CPU
		{C777543E-2042-4D3C-B5E3-C472BB0DCCED}.Debug|Any CPU.Build.0 = Debug|Any CPU
		{C777543E-2042-4D3C-B5E3-C472BB0DCCED}.Release|Any CPU.ActiveCfg = Release|Any CPU
		{C777543E-2042-4D3C-B5E3-C472BB0DCCED}.Release|Any CPU.Build.0 = Release|Any CPU
		{94DBAF7B-2B85-47C6-BA24-A9352885C38A}.Debug|Any CPU.ActiveCfg = Debug|Any CPU
		{94DBAF7B-2B85-47C6-BA24-A9352885C38A}.Debug|Any CPU.Build.0 = Debug|Any CPU
		{94DBAF7B-2B85-47C6-BA24-A9352885C38A}.Release|Any CPU.ActiveCfg = Release|Any CPU
		{94DBAF7B-2B85-47C6-BA24-A9352885C38A}.Release|Any CPU.Build.0 = Release|Any CPU
		{B9991666-5475-470D-9ABD-1FCF9B217157}.Debug|Any CPU.ActiveCfg = Debug|Any CPU
		{B9991666-5475-470D-9ABD-1FCF9B217157}.Debug|Any CPU.Build.0 = Debug|Any CPU
		{B9991666-5475-470D-9ABD-1FCF9B217157}.Release|Any CPU.ActiveCfg = Release|Any CPU
		{B9991666-5475-470D-9ABD-1FCF9B217157}.Release|Any CPU.Build.0 = Release|Any CPU
	EndGlobalSection
	GlobalSection(SolutionProperties) = preSolution
		HideSolutionNode = FALSE
	EndGlobalSection
	GlobalSection(ExtensibilityGlobals) = postSolution
		SolutionGuid = {5BC96E0A-4B56-415C-9549-204424436DED}
	EndGlobalSection
EndGlobal
